Microsoft Visual Studio Solution File, Format Version 12.00
# Visual Studio Version 17
VisualStudioVersion = 17.0.31903.59
MinimumVisualStudioVersion = 10.0.40219.1
Project("{8BC9CEB8-8B4A-11D0-8D11-00A0C91BC942}") = "spatialindex-64", "src\spatialindex-64.vcxproj", "{092725B5-3CCC-34BC-9DEB-2B938572E7FA}"
EndProject
Project("{8BC9CEB8-8B4A-11D0-8D11-00A0C91BC942}") = "spatialindex_c-64", "src\spatialindex_c-64.vcxproj", "{002DC324-DB4C-33CF-9010-0E715012BDF9}"
	ProjectSection(ProjectDependencies) = postProject
		{092725B5-3CCC-34BC-9DEB-2B938572E7FA} = {092725B5-3CCC-34BC-9DEB-2B938572E7FA}
	EndProjectSection
EndProject
Global
	GlobalSection(SolutionConfigurationPlatforms) = preSolution
		Debug|x64 = Debug|x64
		Release|x64 = Release|x64
		vs2022_Debug|x64 = vs2022_Debug|x64
		vs2022_Release|x64 = vs2022_Release|x64
	EndGlobalSection
	GlobalSection(ProjectConfigurationPlatforms) = postSolution
		{092725B5-3CCC-34BC-9DEB-2B938572E7FA}.Debug|x64.ActiveCfg = Debug|x64
		{092725B5-3CCC-34BC-9DEB-2B938572E7FA}.Debug|x64.Build.0 = Debug|x64
		{092725B5-3CCC-34BC-9DEB-2B938572E7FA}.Release|x64.ActiveCfg = Release|x64
		{092725B5-3CCC-34BC-9DEB-2B938572E7FA}.Release|x64.Build.0 = Release|x64
		{092725B5-3CCC-34BC-9DEB-2B938572E7FA}.vs2022_Debug|x64.ActiveCfg = vs2022_Debug|x64
		{092725B5-3CCC-34BC-9DEB-2B938572E7FA}.vs2022_Debug|x64.Build.0 = vs2022_Debug|x64
		{092725B5-3CCC-34BC-9DEB-2B938572E7FA}.vs2022_Release|x64.ActiveCfg = vs2022_Release|x64
		{092725B5-3CCC-34BC-9DEB-2B938572E7FA}.vs2022_Release|x64.Build.0 = vs2022_Release|x64
		{002DC324-DB4C-33CF-9010-0E715012BDF9}.Debug|x64.ActiveCfg = Debug|x64
		{002DC324-DB4C-33CF-9010-0E715012BDF9}.Debug|x64.Build.0 = Debug|x64
		{002DC324-DB4C-33CF-9010-0E715012BDF9}.Release|x64.ActiveCfg = Release|x64
		{002DC324-DB4C-33CF-9010-0E715012BDF9}.Release|x64.Build.0 = Release|x64
		{002DC324-DB4C-33CF-9010-0E715012BDF9}.vs2022_Debug|x64.ActiveCfg = vs2022_Debug|x64
		{002DC324-DB4C-33CF-9010-0E715012BDF9}.vs2022_Debug|x64.Build.0 = vs2022_Debug|x64
		{002DC324-DB4C-33CF-9010-0E715012BDF9}.vs2022_Release|x64.ActiveCfg = vs2022_Release|x64
		{002DC324-DB4C-33CF-9010-0E715012BDF9}.vs2022_Release|x64.Build.0 = vs2022_Release|x64
	EndGlobalSection
	GlobalSection(SolutionProperties) = preSolution
		HideSolutionNode = FALSE
	EndGlobalSection
	GlobalSection(ExtensibilityGlobals) = postSolution
		SolutionGuid = {7A31B51B-0541-3C22-82A6-527A9064182D}
	EndGlobalSection
EndGlobal
